// !$*UTF8*$!
{
	archiveVersion = 1;
	classes = {
	};
	objectVersion = 46;
	objects = {
/* Begin PBXBuildFile section */
		0207DA581B56EA530066E2B4 /* Images.xcassets in Resources */ = {isa = PBXBuildFile; fileRef = 0207DA571B56EA530066E2B4 /* Images.xcassets */; };
		1D3623260D0F684500981E51 /* AppDelegate.m in Sources */ = {isa = PBXBuildFile; fileRef = 1D3623250D0F684500981E51 /* AppDelegate.m */; };
		1D60589B0D05DD56006BFB54 /* main.m in Sources */ = {isa = PBXBuildFile; fileRef = 29B97316FDCFA39411CA2CEA /* main.m */; };
		301BF552109A68D80062928A /* libCordova.a in Frameworks */ = {isa = PBXBuildFile; fileRef = 301BF535109A57CC0062928A /* libCordova.a */; };
		302D95F114D2391D003F00A1 /* MainViewController.m in Sources */ = {isa = PBXBuildFile; fileRef = 302D95EF14D2391D003F00A1 /* MainViewController.m */; };
		302D95F214D2391D003F00A1 /* MainViewController.xib in Resources */ = {isa = PBXBuildFile; fileRef = 302D95F014D2391D003F00A1 /* MainViewController.xib */; };
		3047A5121AB8059700498E2A /* build-debug.xcconfig in Resources */ = {isa = PBXBuildFile; fileRef = 3047A50F1AB8059700498E2A /* build-debug.xcconfig */; };
		3047A5131AB8059700498E2A /* build-release.xcconfig in Resources */ = {isa = PBXBuildFile; fileRef = 3047A5101AB8059700498E2A /* build-release.xcconfig */; };
		3047A5141AB8059700498E2A /* build.xcconfig in Resources */ = {isa = PBXBuildFile; fileRef = 3047A5111AB8059700498E2A /* build.xcconfig */; };
		6AFF5BF91D6E424B00AB3073 /* CDVLaunchScreen.storyboard in Resources */ = {isa = PBXBuildFile; fileRef = 6AFF5BF81D6E424B00AB3073 /* CDVLaunchScreen.storyboard */; };
		9CD41A36D7684D7FBDF78FF2 /* UIImage+CropScaleOrientation.m in Sources */ = {isa = PBXBuildFile; fileRef = C6164E8AD4574E77BDDABCAD /* UIImage+CropScaleOrientation.m */; };
		D2CF8374A7D144B8BF552C82 /* CDVCamera.m in Sources */ = {isa = PBXBuildFile; fileRef = 8B57AE3369584442B9B123FE /* CDVCamera.m */; };
		D4E9B166313547F1B9F7ECFF /* CDVJpegHeaderWriter.m in Sources */ = {isa = PBXBuildFile; fileRef = 958CFD5A2DE840B5B58DD0DA /* CDVJpegHeaderWriter.m */; };
		FD6FD2D2C60746F791E63825 /* ImageIO.framework in Frameworks */ = {isa = PBXBuildFile; fileRef = 46F3DD48B7DD4C49A891BCD5 /* ImageIO.framework */; settings = {ATTRIBUTES = (Weak, ); }; };
		456631B6C2E34FFC95598AD0 /* CoreLocation.framework in Frameworks */ = {isa = PBXBuildFile; fileRef = 04ACE38E6D6E40E88542418F /* CoreLocation.framework */; };
		3A108564668C4807BA690EC4 /* AVFoundation.framework in Frameworks */ = {isa = PBXBuildFile; fileRef = 67EC28AEC7304F639EA41E5E /* AVFoundation.framework */; };
		8D93DA14024B473FB14D62E2 /* CDVLogger.m in Sources */ = {isa = PBXBuildFile; fileRef = A23C23498B5B4087B9C2F210 /* CDVLogger.m */; };
		A2C99AC6AC5B42D5A026F047 /* CDVContacts.m in Sources */ = {isa = PBXBuildFile; fileRef = 591218924C304E60A95B0CD1 /* CDVContacts.m */; };
		77772839CAB1483680FEC00C /* CDVContact.m in Sources */ = {isa = PBXBuildFile; fileRef = 090822EDBD384FF6BDA10405 /* CDVContact.m */; };
		31D2BD8D8F694C419D711BBD /* AddressBook.framework in Frameworks */ = {isa = PBXBuildFile; fileRef = 32B9F89011F64950AAEDC039 /* AddressBook.framework */; settings = {ATTRIBUTES = (Weak, ); }; };
		42E8D37C1FDA48C18416FD24 /* AddressBookUI.framework in Frameworks */ = {isa = PBXBuildFile; fileRef = FDB22713C6D345A0929A1AFA /* AddressBookUI.framework */; settings = {ATTRIBUTES = (Weak, ); }; };
		B106E16C0D80493597E17A64 /* CDVDevice.m in Sources */ = {isa = PBXBuildFile; fileRef = 890A83B6D1994284BBBE86DA /* CDVDevice.m */; };
		00B81E43E31D4677B29781C5 /* CDVFile.m in Sources */ = {isa = PBXBuildFile; fileRef = F401610369B2466992C9369F /* CDVFile.m */; };
		63F47D3704EB4C0B996C2165 /* CDVLocalFilesystem.m in Sources */ = {isa = PBXBuildFile; fileRef = 8896CAA6EC47485FB38C98A8 /* CDVLocalFilesystem.m */; };
		5706DA1D60234E6297D1EF39 /* CDVAssetLibraryFilesystem.m in Sources */ = {isa = PBXBuildFile; fileRef = 94876E5E5BE1466EBBFA1712 /* CDVAssetLibraryFilesystem.m */; };
		86F90CEFD3454034A041170F /* AppDelegate+FirebasePlugin.m in Sources */ = {isa = PBXBuildFile; fileRef = 286D74C1E57E4934AE6D7F9B /* AppDelegate+FirebasePlugin.m */; };
		EDAA15EE0DCD4FA2AEA13531 /* FirebasePlugin.m in Sources */ = {isa = PBXBuildFile; fileRef = 1A617430D2ED4470B1456C39 /* FirebasePlugin.m */; };
		9F7C71436FE148859E881A01 /* GoogleService-Info.plist in Resources */ = {isa = PBXBuildFile; fileRef = BCACD8203CD7483485C0C5E3 /* GoogleService-Info.plist */; };
		C35CC5463EA74D7E9BB79136 /* FirebaseAnalytics.framework in Frameworks */ = {isa = PBXBuildFile; fileRef = 11BFB1467ADA4844A7308EB5 /* FirebaseAnalytics.framework */; };
		0743F4911B574C5CA6AA0866 /* FirebaseCore.framework in Frameworks */ = {isa = PBXBuildFile; fileRef = BEA543C9523C4C8CA916E0FA /* FirebaseCore.framework */; };
		F5ADEFB1E95B409997093805 /* FirebaseInstanceID.framework in Frameworks */ = {isa = PBXBuildFile; fileRef = 4440AD7F69DA47C09C791B80 /* FirebaseInstanceID.framework */; };
		BE399D5896E44DB98290C34C /* GoogleInterchangeUtilities.framework in Frameworks */ = {isa = PBXBuildFile; fileRef = A3731D8F038243CC96A83395 /* GoogleInterchangeUtilities.framework */; };
		AEB710468BEF41C3807309C2 /* GoogleSymbolUtilities.framework in Frameworks */ = {isa = PBXBuildFile; fileRef = A63014F797C842448BD212B7 /* GoogleSymbolUtilities.framework */; };
		A814008400024E478584F3BB /* GoogleUtilities.framework in Frameworks */ = {isa = PBXBuildFile; fileRef = 1F8A584AB7EB4B1C8CDF60EA /* GoogleUtilities.framework */; };
		96161420EBCA40719F65B6AC /* FirebaseMessaging.framework in Frameworks */ = {isa = PBXBuildFile; fileRef = 5FEB873FDA4E44D58F3D653E /* FirebaseMessaging.framework */; };
		2C5C5C69D8034303A100A0CE /* GoogleIPhoneUtilities.framework in Frameworks */ = {isa = PBXBuildFile; fileRef = 86CDD918CA7B4664AB8FB668 /* GoogleIPhoneUtilities.framework */; };
		2ECFE44E5535468FA39669FC /* FirebaseCrash.framework in Frameworks */ = {isa = PBXBuildFile; fileRef = 88D639FB16114F4795FF67A2 /* FirebaseCrash.framework */; };
		67842E18DF9D4F9484D4E944 /* FirebaseRemoteConfig.framework in Frameworks */ = {isa = PBXBuildFile; fileRef = FC631897607140F6836ECE3D /* FirebaseRemoteConfig.framework */; };
		7C5FF4F636074449816D4ED5 /* CDVLocation.m in Sources */ = {isa = PBXBuildFile; fileRef = 170C7C857EA14C19803F4D03 /* CDVLocation.m */; };
		ECC8ABF7334D400091A2DF4A /* GooglePlus.m in Sources */ = {isa = PBXBuildFile; fileRef = 3180CD0AAC4F451B8D34C4AD /* GooglePlus.m */; };
		E2745D424BC24311A94EAAEC /* GoogleAppUtilities.framework in Frameworks */ = {isa = PBXBuildFile; fileRef = A77E5360C34149D7A27649E4 /* GoogleAppUtilities.framework */; };
		4172A76BFA60412CA7428CD8 /* GoogleAuthUtilities.framework in Frameworks */ = {isa = PBXBuildFile; fileRef = 20475E37764D42708BE2F5FB /* GoogleAuthUtilities.framework */; };
		85C6B627D16B463EAAF90A67 /* GoogleNetworkingUtilities.framework in Frameworks */ = {isa = PBXBuildFile; fileRef = 701BCFF078F94B8085BB6766 /* GoogleNetworkingUtilities.framework */; };
		6E1465A25F6C46BEBB73D603 /* GoogleSignIn.framework in Frameworks */ = {isa = PBXBuildFile; fileRef = 2CE1BE776A524D759CF45DE1 /* GoogleSignIn.framework */; };
		0B776044F5F04799AC7FD40E /* GoogleSymbolUtilities.framework in Frameworks */ = {isa = PBXBuildFile; fileRef = 517A4C7E3E1F4A38A024CD1E /* GoogleSymbolUtilities.framework */; };
		982F0CC2EAE34793AD1BB840 /* GoogleUtilities.framework in Frameworks */ = {isa = PBXBuildFile; fileRef = 816520BF82A34C52927A5A27 /* GoogleUtilities.framework */; };
		75FE29BA97694FCB8024EC51 /* CoreText.framework in Frameworks */ = {isa = PBXBuildFile; fileRef = 9157E5F94E184B2C986C3B83 /* CoreText.framework */; settings = {ATTRIBUTES = (Weak, ); }; };
		E140974559894D75A3594660 /* SafariServices.framework in Frameworks */ = {isa = PBXBuildFile; fileRef = 4D422DB6CCBE401092AE3C14 /* SafariServices.framework */; settings = {ATTRIBUTES = (Weak, ); }; };
		84C010CA602B4AFB82E8635E /* Security.framework in Frameworks */ = {isa = PBXBuildFile; fileRef = 462F2408C74A42F285547767 /* Security.framework */; settings = {ATTRIBUTES = (Weak, ); }; };
		4578D12FABAE4A58838CA140 /* SystemConfiguration.framework in Frameworks */ = {isa = PBXBuildFile; fileRef = 5B0A5A30FA0B41A989676B0A /* SystemConfiguration.framework */; settings = {ATTRIBUTES = (Weak, ); }; };
		DCEF6F09E329443895FD791A /* libz.tbd in Frameworks */ = {isa = PBXBuildFile; fileRef = BE70C10EE11C49E9B46173E3 /* libz.tbd */; settings = {ATTRIBUTES = (Weak, ); }; };
		4AC80C99A66D4304BE355602 /* libz.dylib in Frameworks */ = {isa = PBXBuildFile; fileRef = 1FFC3C71764B4F8D9555348A /* libz.dylib */; settings = {ATTRIBUTES = (Weak, ); }; };
		29D6E78AED4E441381963F91 /* CDVCapture.m in Sources */ = {isa = PBXBuildFile; fileRef = 75D629DBC69141679810CB79 /* CDVCapture.m */; };
		EE995D04CE7E478591BE15E4 /* CDVCapture.bundle in Resources */ = {isa = PBXBuildFile; fileRef = 009408697AE14249A2FD2BAE /* CDVCapture.bundle */; };
		8362FC20BFA44D62B5989105 /* CDVSplashScreen.m in Sources */ = {isa = PBXBuildFile; fileRef = 7BE362F82BE243638D1B6C25 /* CDVSplashScreen.m */; };
		2E3DE84F881D46D3B429BEB4 /* CDVViewController+SplashScreen.m in Sources */ = {isa = PBXBuildFile; fileRef = 7E79FBBC07E7427C9FE061D3 /* CDVViewController+SplashScreen.m */; };
		1966E1B51DF84193A8571020 /* CDVStatusBar.m in Sources */ = {isa = PBXBuildFile; fileRef = 148A9AEA1BE241F9ABE93C16 /* CDVStatusBar.m */; };
		60349EEFA0EE4E43B3783ED0 /* IonicKeyboard.m in Sources */ = {isa = PBXBuildFile; fileRef = E1B0427A6E35428280209DEC /* IonicKeyboard.m */; };
/* End PBXBuildFile section */

/* Begin PBXContainerItemProxy section */
		301BF534109A57CC0062928A /* PBXContainerItemProxy */ = {
			isa = PBXContainerItemProxy;
			containerPortal = 301BF52D109A57CC0062928A /* CordovaLib.xcodeproj */;
			proxyType = 2;
			remoteGlobalIDString = D2AAC07E0554694100DB518D;
			remoteInfo = CordovaLib;
		};
		301BF550109A68C00062928A /* PBXContainerItemProxy */ = {
			isa = PBXContainerItemProxy;
			containerPortal = 301BF52D109A57CC0062928A /* CordovaLib.xcodeproj */;
			proxyType = 1;
			remoteGlobalIDString = D2AAC07D0554694100DB518D;
			remoteInfo = CordovaLib;
		};
/* End PBXContainerItemProxy section */

/* Begin PBXFileReference section */
		0207DA571B56EA530066E2B4 /* Images.xcassets */ = {isa = PBXFileReference; lastKnownFileType = folder.assetcatalog; name = Images.xcassets; path = "TOLK/Images.xcassets"; sourceTree = SOURCE_ROOT; };
		1D3623240D0F684500981E51 /* AppDelegate.h */ = {isa = PBXFileReference; fileEncoding = 4; lastKnownFileType = sourcecode.c.h; path = AppDelegate.h; sourceTree = "<group>"; };
		1D3623250D0F684500981E51 /* AppDelegate.m */ = {isa = PBXFileReference; fileEncoding = 4; lastKnownFileType = sourcecode.c.objc; path = AppDelegate.m; sourceTree = "<group>"; };
		1D6058910D05DD3D006BFB54 /* TOLK.app */ = {isa = PBXFileReference; explicitFileType = wrapper.application; includeInIndex = 0; path = "TOLK.app"; sourceTree = BUILT_PRODUCTS_DIR; };
		29B97316FDCFA39411CA2CEA /* main.m */ = {isa = PBXFileReference; fileEncoding = 4; lastKnownFileType = sourcecode.c.objc; path = main.m; sourceTree = "<group>"; };
		301BF52D109A57CC0062928A /* CordovaLib.xcodeproj */ = {isa = PBXFileReference; lastKnownFileType = "wrapper.pb-project"; path = CordovaLib/CordovaLib.xcodeproj; sourceTree = "<group>"; };
		301BF56E109A69640062928A /* www */ = {isa = PBXFileReference; lastKnownFileType = folder; path = www; sourceTree = SOURCE_ROOT; };
		302D95EE14D2391D003F00A1 /* MainViewController.h */ = {isa = PBXFileReference; fileEncoding = 4; lastKnownFileType = sourcecode.c.h; path = MainViewController.h; sourceTree = "<group>"; };
		302D95EF14D2391D003F00A1 /* MainViewController.m */ = {isa = PBXFileReference; fileEncoding = 4; lastKnownFileType = sourcecode.c.objc; path = MainViewController.m; sourceTree = "<group>"; };
		302D95F014D2391D003F00A1 /* MainViewController.xib */ = {isa = PBXFileReference; fileEncoding = 4; lastKnownFileType = file.xib; path = MainViewController.xib; sourceTree = "<group>"; };
		3047A50F1AB8059700498E2A /* build-debug.xcconfig */ = {isa = PBXFileReference; fileEncoding = 4; lastKnownFileType = text.xcconfig; name = "build-debug.xcconfig"; path = cordova/build-debug.xcconfig; sourceTree = SOURCE_ROOT; };
		3047A5101AB8059700498E2A /* build-release.xcconfig */ = {isa = PBXFileReference; fileEncoding = 4; lastKnownFileType = text.xcconfig; name = "build-release.xcconfig"; path = cordova/build-release.xcconfig; sourceTree = SOURCE_ROOT; };
		3047A5111AB8059700498E2A /* build.xcconfig */ = {isa = PBXFileReference; fileEncoding = 4; lastKnownFileType = text.xcconfig; name = build.xcconfig; path = cordova/build.xcconfig; sourceTree = SOURCE_ROOT; };
		32CA4F630368D1EE00C91783 /* TOLK-Prefix.pch */ = {isa = PBXFileReference; fileEncoding = 4; lastKnownFileType = sourcecode.c.h; path = "TOLK-Prefix.pch"; sourceTree = "<group>"; };
		6AFF5BF81D6E424B00AB3073 /* CDVLaunchScreen.storyboard */ = {isa = PBXFileReference; fileEncoding = 4; lastKnownFileType = file.storyboard; name = CDVLaunchScreen.storyboard; path = "TOLK/CDVLaunchScreen.storyboard"; sourceTree = SOURCE_ROOT; };
		8D1107310486CEB800E47090 /* TOLK-Info.plist */ = {isa = PBXFileReference; fileEncoding = 4; lastKnownFileType = text.plist.xml; name = "TOLK-Info.plist"; path = "TOLK/TOLK-Info.plist"; plistStructureDefinitionIdentifier = "com.apple.xcode.plist.structure-definition.iphone.info-plist"; sourceTree = SOURCE_ROOT; };
		EB87FDF31871DA8E0020F90C /* www */ = {isa = PBXFileReference; lastKnownFileType = folder; name = www; path = ../../www; sourceTree = "<group>"; };
		EB87FDF41871DAF40020F90C /* config.xml */ = {isa = PBXFileReference; lastKnownFileType = text.xml; name = config.xml; path = ../../config.xml; sourceTree = "<group>"; };
		F840E1F0165FE0F500CFE078 /* config.xml */ = {isa = PBXFileReference; lastKnownFileType = text.xml; name = config.xml; path = "TOLK/config.xml"; sourceTree = "<group>"; };
		ED33DF2A687741AEAF9F8254 /* Bridging-Header.h */ = {isa = PBXFileReference; fileEncoding = 4; lastKnownFileType = sourcecode.c.h; name = "Bridging-Header.h"; path = "Bridging-Header.h"; sourceTree = "<group>"; };
		C6164E8AD4574E77BDDABCAD /* UIImage+CropScaleOrientation.m */ = {isa = PBXFileReference; name = "UIImage+CropScaleOrientation.m"; path = "cordova-plugin-camera/UIImage+CropScaleOrientation.m"; sourceTree = "<group>"; fileEncoding = 4; lastKnownFileType = sourcecode.c.objc; explicitFileType = undefined; includeInIndex = 0; };
		8B57AE3369584442B9B123FE /* CDVCamera.m */ = {isa = PBXFileReference; name = "CDVCamera.m"; path = "cordova-plugin-camera/CDVCamera.m"; sourceTree = "<group>"; fileEncoding = 4; lastKnownFileType = sourcecode.c.objc; explicitFileType = undefined; includeInIndex = 0; };
		958CFD5A2DE840B5B58DD0DA /* CDVJpegHeaderWriter.m */ = {isa = PBXFileReference; name = "CDVJpegHeaderWriter.m"; path = "cordova-plugin-camera/CDVJpegHeaderWriter.m"; sourceTree = "<group>"; fileEncoding = 4; lastKnownFileType = sourcecode.c.objc; explicitFileType = undefined; includeInIndex = 0; };
		232F6D757FA14A3A9F904672 /* UIImage+CropScaleOrientation.h */ = {isa = PBXFileReference; name = "UIImage+CropScaleOrientation.h"; path = "cordova-plugin-camera/UIImage+CropScaleOrientation.h"; sourceTree = "<group>"; fileEncoding = 4; lastKnownFileType = sourcecode.c.h; explicitFileType = undefined; includeInIndex = 0; };
		02F3EE366CFA47D7BCDA9A68 /* CDVCamera.h */ = {isa = PBXFileReference; name = "CDVCamera.h"; path = "cordova-plugin-camera/CDVCamera.h"; sourceTree = "<group>"; fileEncoding = 4; lastKnownFileType = sourcecode.c.h; explicitFileType = undefined; includeInIndex = 0; };
		E4AF550BBFE04C0D8CBEC1CA /* CDVJpegHeaderWriter.h */ = {isa = PBXFileReference; name = "CDVJpegHeaderWriter.h"; path = "cordova-plugin-camera/CDVJpegHeaderWriter.h"; sourceTree = "<group>"; fileEncoding = 4; lastKnownFileType = sourcecode.c.h; explicitFileType = undefined; includeInIndex = 0; };
		11B7DD60C0D94E089DF91F75 /* CDVExif.h */ = {isa = PBXFileReference; name = "CDVExif.h"; path = "cordova-plugin-camera/CDVExif.h"; sourceTree = "<group>"; fileEncoding = 4; lastKnownFileType = sourcecode.c.h; explicitFileType = undefined; includeInIndex = 0; };
		46F3DD48B7DD4C49A891BCD5 /* ImageIO.framework */ = {isa = PBXFileReference; name = "ImageIO.framework"; path = "System/Library/Frameworks/ImageIO.framework"; sourceTree = SDKROOT; fileEncoding = undefined; lastKnownFileType = wrapper.framework; explicitFileType = undefined; includeInIndex = 0; };
		04ACE38E6D6E40E88542418F /* CoreLocation.framework */ = {isa = PBXFileReference; name = "CoreLocation.framework"; path = "System/Library/Frameworks/CoreLocation.framework"; sourceTree = SDKROOT; fileEncoding = undefined; lastKnownFileType = wrapper.framework; explicitFileType = undefined; includeInIndex = 0; };
		67EC28AEC7304F639EA41E5E /* AVFoundation.framework */ = {isa = PBXFileReference; name = "AVFoundation.framework"; path = "System/Library/Frameworks/AVFoundation.framework"; sourceTree = SDKROOT; fileEncoding = undefined; lastKnownFileType = wrapper.framework; explicitFileType = undefined; includeInIndex = 0; };
		A23C23498B5B4087B9C2F210 /* CDVLogger.m */ = {isa = PBXFileReference; name = "CDVLogger.m"; path = "cordova-plugin-console/CDVLogger.m"; sourceTree = "<group>"; fileEncoding = 4; lastKnownFileType = sourcecode.c.objc; explicitFileType = undefined; includeInIndex = 0; };
		3CF3BC9571A743E8974DEC1E /* CDVLogger.h */ = {isa = PBXFileReference; name = "CDVLogger.h"; path = "cordova-plugin-console/CDVLogger.h"; sourceTree = "<group>"; fileEncoding = 4; lastKnownFileType = sourcecode.c.h; explicitFileType = undefined; includeInIndex = 0; };
		591218924C304E60A95B0CD1 /* CDVContacts.m */ = {isa = PBXFileReference; name = "CDVContacts.m"; path = "cordova-plugin-contacts/CDVContacts.m"; sourceTree = "<group>"; fileEncoding = 4; lastKnownFileType = sourcecode.c.objc; explicitFileType = undefined; includeInIndex = 0; };
		090822EDBD384FF6BDA10405 /* CDVContact.m */ = {isa = PBXFileReference; name = "CDVContact.m"; path = "cordova-plugin-contacts/CDVContact.m"; sourceTree = "<group>"; fileEncoding = 4; lastKnownFileType = sourcecode.c.objc; explicitFileType = undefined; includeInIndex = 0; };
		6951C7F4DE2C4A5CA713977E /* CDVContacts.h */ = {isa = PBXFileReference; name = "CDVContacts.h"; path = "cordova-plugin-contacts/CDVContacts.h"; sourceTree = "<group>"; fileEncoding = 4; lastKnownFileType = sourcecode.c.h; explicitFileType = undefined; includeInIndex = 0; };
		781CC1EEA8E546CFA7678E10 /* CDVContact.h */ = {isa = PBXFileReference; name = "CDVContact.h"; path = "cordova-plugin-contacts/CDVContact.h"; sourceTree = "<group>"; fileEncoding = 4; lastKnownFileType = sourcecode.c.h; explicitFileType = undefined; includeInIndex = 0; };
		32B9F89011F64950AAEDC039 /* AddressBook.framework */ = {isa = PBXFileReference; name = "AddressBook.framework"; path = "System/Library/Frameworks/AddressBook.framework"; sourceTree = SDKROOT; fileEncoding = undefined; lastKnownFileType = wrapper.framework; explicitFileType = undefined; includeInIndex = 0; };
		FDB22713C6D345A0929A1AFA /* AddressBookUI.framework */ = {isa = PBXFileReference; name = "AddressBookUI.framework"; path = "System/Library/Frameworks/AddressBookUI.framework"; sourceTree = SDKROOT; fileEncoding = undefined; lastKnownFileType = wrapper.framework; explicitFileType = undefined; includeInIndex = 0; };
		890A83B6D1994284BBBE86DA /* CDVDevice.m */ = {isa = PBXFileReference; name = "CDVDevice.m"; path = "cordova-plugin-device/CDVDevice.m"; sourceTree = "<group>"; fileEncoding = 4; lastKnownFileType = sourcecode.c.objc; explicitFileType = undefined; includeInIndex = 0; };
		081D7BB2EE8B48088A587446 /* CDVDevice.h */ = {isa = PBXFileReference; name = "CDVDevice.h"; path = "cordova-plugin-device/CDVDevice.h"; sourceTree = "<group>"; fileEncoding = 4; lastKnownFileType = sourcecode.c.h; explicitFileType = undefined; includeInIndex = 0; };
		F401610369B2466992C9369F /* CDVFile.m */ = {isa = PBXFileReference; name = "CDVFile.m"; path = "cordova-plugin-file/CDVFile.m"; sourceTree = "<group>"; fileEncoding = 4; lastKnownFileType = sourcecode.c.objc; explicitFileType = undefined; includeInIndex = 0; };
		8896CAA6EC47485FB38C98A8 /* CDVLocalFilesystem.m */ = {isa = PBXFileReference; name = "CDVLocalFilesystem.m"; path = "cordova-plugin-file/CDVLocalFilesystem.m"; sourceTree = "<group>"; fileEncoding = 4; lastKnownFileType = sourcecode.c.objc; explicitFileType = undefined; includeInIndex = 0; };
		94876E5E5BE1466EBBFA1712 /* CDVAssetLibraryFilesystem.m */ = {isa = PBXFileReference; name = "CDVAssetLibraryFilesystem.m"; path = "cordova-plugin-file/CDVAssetLibraryFilesystem.m"; sourceTree = "<group>"; fileEncoding = 4; lastKnownFileType = sourcecode.c.objc; explicitFileType = undefined; includeInIndex = 0; };
		6FA9F782E7E14C7AAADB7496 /* CDVFile.h */ = {isa = PBXFileReference; name = "CDVFile.h"; path = "cordova-plugin-file/CDVFile.h"; sourceTree = "<group>"; fileEncoding = 4; lastKnownFileType = sourcecode.c.h; explicitFileType = undefined; includeInIndex = 0; };
		413C96EE90AF4845BE885989 /* CDVLocalFilesystem.h */ = {isa = PBXFileReference; name = "CDVLocalFilesystem.h"; path = "cordova-plugin-file/CDVLocalFilesystem.h"; sourceTree = "<group>"; fileEncoding = 4; lastKnownFileType = sourcecode.c.h; explicitFileType = undefined; includeInIndex = 0; };
		BEC6EA48CD604D5092722B0E /* CDVAssetLibraryFilesystem.h */ = {isa = PBXFileReference; name = "CDVAssetLibraryFilesystem.h"; path = "cordova-plugin-file/CDVAssetLibraryFilesystem.h"; sourceTree = "<group>"; fileEncoding = 4; lastKnownFileType = sourcecode.c.h; explicitFileType = undefined; includeInIndex = 0; };
		286D74C1E57E4934AE6D7F9B /* AppDelegate+FirebasePlugin.m */ = {isa = PBXFileReference; name = "AppDelegate+FirebasePlugin.m"; path = "cordova-plugin-firebase/AppDelegate+FirebasePlugin.m"; sourceTree = "<group>"; fileEncoding = 4; lastKnownFileType = sourcecode.c.objc; explicitFileType = undefined; includeInIndex = 0; };
		1A617430D2ED4470B1456C39 /* FirebasePlugin.m */ = {isa = PBXFileReference; name = "FirebasePlugin.m"; path = "cordova-plugin-firebase/FirebasePlugin.m"; sourceTree = "<group>"; fileEncoding = 4; lastKnownFileType = sourcecode.c.objc; explicitFileType = undefined; includeInIndex = 0; };
		E27589BD2C1C465993592516 /* AppDelegate+FirebasePlugin.h */ = {isa = PBXFileReference; name = "AppDelegate+FirebasePlugin.h"; path = "cordova-plugin-firebase/AppDelegate+FirebasePlugin.h"; sourceTree = "<group>"; fileEncoding = 4; lastKnownFileType = sourcecode.c.h; explicitFileType = undefined; includeInIndex = 0; };
		AB5F27C66BA544C8AFAF4223 /* FirebasePlugin.h */ = {isa = PBXFileReference; name = "FirebasePlugin.h"; path = "cordova-plugin-firebase/FirebasePlugin.h"; sourceTree = "<group>"; fileEncoding = 4; lastKnownFileType = sourcecode.c.h; explicitFileType = undefined; includeInIndex = 0; };
		F0283ACFDEED46D29606AA2E /* Firebase.h */ = {isa = PBXFileReference; name = "Firebase.h"; path = "cordova-plugin-firebase/Firebase.h"; sourceTree = "<group>"; fileEncoding = 4; lastKnownFileType = sourcecode.c.h; explicitFileType = undefined; includeInIndex = 0; };
		BCACD8203CD7483485C0C5E3 /* GoogleService-Info.plist */ = {isa = PBXFileReference; name = "GoogleService-Info.plist"; path = "Resources/GoogleService-Info.plist"; sourceTree = "<group>"; fileEncoding = 4; lastKnownFileType = text.plist.xml; explicitFileType = undefined; includeInIndex = 0; };
		11BFB1467ADA4844A7308EB5 /* FirebaseAnalytics.framework */ = {isa = PBXFileReference; name = "FirebaseAnalytics.framework"; path = "TOLK/Plugins/cordova-plugin-firebase/FirebaseAnalytics.framework"; sourceTree = "<group>"; fileEncoding = undefined; lastKnownFileType = wrapper.framework; explicitFileType = undefined; includeInIndex = 0; };
		BEA543C9523C4C8CA916E0FA /* FirebaseCore.framework */ = {isa = PBXFileReference; name = "FirebaseCore.framework"; path = "TOLK/Plugins/cordova-plugin-firebase/FirebaseCore.framework"; sourceTree = "<group>"; fileEncoding = undefined; lastKnownFileType = wrapper.framework; explicitFileType = undefined; includeInIndex = 0; };
		4440AD7F69DA47C09C791B80 /* FirebaseInstanceID.framework */ = {isa = PBXFileReference; name = "FirebaseInstanceID.framework"; path = "TOLK/Plugins/cordova-plugin-firebase/FirebaseInstanceID.framework"; sourceTree = "<group>"; fileEncoding = undefined; lastKnownFileType = wrapper.framework; explicitFileType = undefined; includeInIndex = 0; };
		A3731D8F038243CC96A83395 /* GoogleInterchangeUtilities.framework */ = {isa = PBXFileReference; name = "GoogleInterchangeUtilities.framework"; path = "TOLK/Plugins/cordova-plugin-firebase/GoogleInterchangeUtilities.framework"; sourceTree = "<group>"; fileEncoding = undefined; lastKnownFileType = wrapper.framework; explicitFileType = undefined; includeInIndex = 0; };
		A63014F797C842448BD212B7 /* GoogleSymbolUtilities.framework */ = {isa = PBXFileReference; name = "GoogleSymbolUtilities.framework"; path = "TOLK/Plugins/cordova-plugin-firebase/GoogleSymbolUtilities.framework"; sourceTree = "<group>"; fileEncoding = undefined; lastKnownFileType = wrapper.framework; explicitFileType = undefined; includeInIndex = 0; };
		1F8A584AB7EB4B1C8CDF60EA /* GoogleUtilities.framework */ = {isa = PBXFileReference; name = "GoogleUtilities.framework"; path = "TOLK/Plugins/cordova-plugin-firebase/GoogleUtilities.framework"; sourceTree = "<group>"; fileEncoding = undefined; lastKnownFileType = wrapper.framework; explicitFileType = undefined; includeInIndex = 0; };
		5FEB873FDA4E44D58F3D653E /* FirebaseMessaging.framework */ = {isa = PBXFileReference; name = "FirebaseMessaging.framework"; path = "TOLK/Plugins/cordova-plugin-firebase/FirebaseMessaging.framework"; sourceTree = "<group>"; fileEncoding = undefined; lastKnownFileType = wrapper.framework; explicitFileType = undefined; includeInIndex = 0; };
		86CDD918CA7B4664AB8FB668 /* GoogleIPhoneUtilities.framework */ = {isa = PBXFileReference; name = "GoogleIPhoneUtilities.framework"; path = "TOLK/Plugins/cordova-plugin-firebase/GoogleIPhoneUtilities.framework"; sourceTree = "<group>"; fileEncoding = undefined; lastKnownFileType = wrapper.framework; explicitFileType = undefined; includeInIndex = 0; };
		88D639FB16114F4795FF67A2 /* FirebaseCrash.framework */ = {isa = PBXFileReference; name = "FirebaseCrash.framework"; path = "TOLK/Plugins/cordova-plugin-firebase/FirebaseCrash.framework"; sourceTree = "<group>"; fileEncoding = undefined; lastKnownFileType = wrapper.framework; explicitFileType = undefined; includeInIndex = 0; };
		FC631897607140F6836ECE3D /* FirebaseRemoteConfig.framework */ = {isa = PBXFileReference; name = "FirebaseRemoteConfig.framework"; path = "TOLK/Plugins/cordova-plugin-firebase/FirebaseRemoteConfig.framework"; sourceTree = "<group>"; fileEncoding = undefined; lastKnownFileType = wrapper.framework; explicitFileType = undefined; includeInIndex = 0; };
		170C7C857EA14C19803F4D03 /* CDVLocation.m */ = {isa = PBXFileReference; name = "CDVLocation.m"; path = "cordova-plugin-geolocation/CDVLocation.m"; sourceTree = "<group>"; fileEncoding = 4; lastKnownFileType = sourcecode.c.objc; explicitFileType = undefined; includeInIndex = 0; };
		D818B76B1E43478893F8317C /* CDVLocation.h */ = {isa = PBXFileReference; name = "CDVLocation.h"; path = "cordova-plugin-geolocation/CDVLocation.h"; sourceTree = "<group>"; fileEncoding = 4; lastKnownFileType = sourcecode.c.h; explicitFileType = undefined; includeInIndex = 0; };
		3180CD0AAC4F451B8D34C4AD /* GooglePlus.m */ = {isa = PBXFileReference; name = "GooglePlus.m"; path = "cordova-plugin-googleplus/GooglePlus.m"; sourceTree = "<group>"; fileEncoding = 4; lastKnownFileType = sourcecode.c.objc; explicitFileType = undefined; includeInIndex = 0; };
		42A1EEBC571D42C093049ED7 /* GooglePlus.h */ = {isa = PBXFileReference; name = "GooglePlus.h"; path = "cordova-plugin-googleplus/GooglePlus.h"; sourceTree = "<group>"; fileEncoding = 4; lastKnownFileType = sourcecode.c.h; explicitFileType = undefined; includeInIndex = 0; };
		A77E5360C34149D7A27649E4 /* GoogleAppUtilities.framework */ = {isa = PBXFileReference; name = "GoogleAppUtilities.framework"; path = "TOLK/Plugins/cordova-plugin-googleplus/GoogleAppUtilities.framework"; sourceTree = "<group>"; fileEncoding = undefined; lastKnownFileType = wrapper.framework; explicitFileType = undefined; includeInIndex = 0; };
		20475E37764D42708BE2F5FB /* GoogleAuthUtilities.framework */ = {isa = PBXFileReference; name = "GoogleAuthUtilities.framework"; path = "TOLK/Plugins/cordova-plugin-googleplus/GoogleAuthUtilities.framework"; sourceTree = "<group>"; fileEncoding = undefined; lastKnownFileType = wrapper.framework; explicitFileType = undefined; includeInIndex = 0; };
		701BCFF078F94B8085BB6766 /* GoogleNetworkingUtilities.framework */ = {isa = PBXFileReference; name = "GoogleNetworkingUtilities.framework"; path = "TOLK/Plugins/cordova-plugin-googleplus/GoogleNetworkingUtilities.framework"; sourceTree = "<group>"; fileEncoding = undefined; lastKnownFileType = wrapper.framework; explicitFileType = undefined; includeInIndex = 0; };
		2CE1BE776A524D759CF45DE1 /* GoogleSignIn.framework */ = {isa = PBXFileReference; name = "GoogleSignIn.framework"; path = "TOLK/Plugins/cordova-plugin-googleplus/GoogleSignIn.framework"; sourceTree = "<group>"; fileEncoding = undefined; lastKnownFileType = wrapper.framework; explicitFileType = undefined; includeInIndex = 0; };
		517A4C7E3E1F4A38A024CD1E /* GoogleSymbolUtilities.framework */ = {isa = PBXFileReference; name = "GoogleSymbolUtilities.framework"; path = "TOLK/Plugins/cordova-plugin-googleplus/GoogleSymbolUtilities.framework"; sourceTree = "<group>"; fileEncoding = undefined; lastKnownFileType = wrapper.framework; explicitFileType = undefined; includeInIndex = 0; };
		816520BF82A34C52927A5A27 /* GoogleUtilities.framework */ = {isa = PBXFileReference; name = "GoogleUtilities.framework"; path = "TOLK/Plugins/cordova-plugin-googleplus/GoogleUtilities.framework"; sourceTree = "<group>"; fileEncoding = undefined; lastKnownFileType = wrapper.framework; explicitFileType = undefined; includeInIndex = 0; };
		9157E5F94E184B2C986C3B83 /* CoreText.framework */ = {isa = PBXFileReference; name = "CoreText.framework"; path = "System/Library/Frameworks/CoreText.framework"; sourceTree = SDKROOT; fileEncoding = undefined; lastKnownFileType = wrapper.framework; explicitFileType = undefined; includeInIndex = 0; };
		4D422DB6CCBE401092AE3C14 /* SafariServices.framework */ = {isa = PBXFileReference; name = "SafariServices.framework"; path = "System/Library/Frameworks/SafariServices.framework"; sourceTree = SDKROOT; fileEncoding = undefined; lastKnownFileType = wrapper.framework; explicitFileType = undefined; includeInIndex = 0; };
		462F2408C74A42F285547767 /* Security.framework */ = {isa = PBXFileReference; name = "Security.framework"; path = "System/Library/Frameworks/Security.framework"; sourceTree = SDKROOT; fileEncoding = undefined; lastKnownFileType = wrapper.framework; explicitFileType = undefined; includeInIndex = 0; };
		5B0A5A30FA0B41A989676B0A /* SystemConfiguration.framework */ = {isa = PBXFileReference; name = "SystemConfiguration.framework"; path = "System/Library/Frameworks/SystemConfiguration.framework"; sourceTree = SDKROOT; fileEncoding = undefined; lastKnownFileType = wrapper.framework; explicitFileType = undefined; includeInIndex = 0; };
		BE70C10EE11C49E9B46173E3 /* libz.tbd */ = {isa = PBXFileReference; name = "libz.tbd"; path = "usr/lib/libz.tbd"; sourceTree = SDKROOT; fileEncoding = undefined; lastKnownFileType = sourcecode.text-based-dylib-definition; explicitFileType = undefined; includeInIndex = 0; };
		1FFC3C71764B4F8D9555348A /* libz.dylib */ = {isa = PBXFileReference; name = "libz.dylib"; path = "usr/lib/libz.dylib"; sourceTree = SDKROOT; fileEncoding = undefined; lastKnownFileType = compiled.mach-o.dylib; explicitFileType = undefined; includeInIndex = 0; };
		75D629DBC69141679810CB79 /* CDVCapture.m */ = {isa = PBXFileReference; name = "CDVCapture.m"; path = "cordova-plugin-media-capture/CDVCapture.m"; sourceTree = "<group>"; fileEncoding = 4; lastKnownFileType = sourcecode.c.objc; explicitFileType = undefined; includeInIndex = 0; };
		2DBCB638C4694B689B1F7983 /* CDVCapture.h */ = {isa = PBXFileReference; name = "CDVCapture.h"; path = "cordova-plugin-media-capture/CDVCapture.h"; sourceTree = "<group>"; fileEncoding = 4; lastKnownFileType = sourcecode.c.h; explicitFileType = undefined; includeInIndex = 0; };
		009408697AE14249A2FD2BAE /* CDVCapture.bundle */ = {isa = PBXFileReference; name = "CDVCapture.bundle"; path = "CDVCapture.bundle"; sourceTree = "<group>"; fileEncoding = undefined; lastKnownFileType = wrapper.plug-in; explicitFileType = undefined; includeInIndex = 0; };
		7BE362F82BE243638D1B6C25 /* CDVSplashScreen.m */ = {isa = PBXFileReference; name = "CDVSplashScreen.m"; path = "cordova-plugin-splashscreen/CDVSplashScreen.m"; sourceTree = "<group>"; fileEncoding = 4; lastKnownFileType = sourcecode.c.objc; explicitFileType = undefined; includeInIndex = 0; };
		7E79FBBC07E7427C9FE061D3 /* CDVViewController+SplashScreen.m */ = {isa = PBXFileReference; name = "CDVViewController+SplashScreen.m"; path = "cordova-plugin-splashscreen/CDVViewController+SplashScreen.m"; sourceTree = "<group>"; fileEncoding = 4; lastKnownFileType = sourcecode.c.objc; explicitFileType = undefined; includeInIndex = 0; };
		928B846E865E4C65BE0CBDAE /* CDVSplashScreen.h */ = {isa = PBXFileReference; name = "CDVSplashScreen.h"; path = "cordova-plugin-splashscreen/CDVSplashScreen.h"; sourceTree = "<group>"; fileEncoding = 4; lastKnownFileType = sourcecode.c.h; explicitFileType = undefined; includeInIndex = 0; };
		EB0FD0E401334EE3806165C8 /* CDVViewController+SplashScreen.h */ = {isa = PBXFileReference; name = "CDVViewController+SplashScreen.h"; path = "cordova-plugin-splashscreen/CDVViewController+SplashScreen.h"; sourceTree = "<group>"; fileEncoding = 4; lastKnownFileType = sourcecode.c.h; explicitFileType = undefined; includeInIndex = 0; };
		148A9AEA1BE241F9ABE93C16 /* CDVStatusBar.m */ = {isa = PBXFileReference; name = "CDVStatusBar.m"; path = "cordova-plugin-statusbar/CDVStatusBar.m"; sourceTree = "<group>"; fileEncoding = 4; lastKnownFileType = sourcecode.c.objc; explicitFileType = undefined; includeInIndex = 0; };
		8BB6BB72D873460480914787 /* CDVStatusBar.h */ = {isa = PBXFileReference; name = "CDVStatusBar.h"; path = "cordova-plugin-statusbar/CDVStatusBar.h"; sourceTree = "<group>"; fileEncoding = 4; lastKnownFileType = sourcecode.c.h; explicitFileType = undefined; includeInIndex = 0; };
		E1B0427A6E35428280209DEC /* IonicKeyboard.m */ = {isa = PBXFileReference; name = "IonicKeyboard.m"; path = "ionic-plugin-keyboard/IonicKeyboard.m"; sourceTree = "<group>"; fileEncoding = 4; lastKnownFileType = sourcecode.c.objc; explicitFileType = undefined; includeInIndex = 0; };
		6433765C27F04FD6A91C17DA /* IonicKeyboard.h */ = {isa = PBXFileReference; name = "IonicKeyboard.h"; path = "ionic-plugin-keyboard/IonicKeyboard.h"; sourceTree = "<group>"; fileEncoding = 4; lastKnownFileType = sourcecode.c.h; explicitFileType = undefined; includeInIndex = 0; };
/* End PBXFileReference section */

/* Begin PBXFrameworksBuildPhase section */
		1D60588F0D05DD3D006BFB54 /* Frameworks */ = {
			isa = PBXFrameworksBuildPhase;
			buildActionMask = 2147483647;
			files = (
				301BF552109A68D80062928A /* libCordova.a in Frameworks */,
				FD6FD2D2C60746F791E63825 /* ImageIO.framework in Frameworks */,
				456631B6C2E34FFC95598AD0 /* CoreLocation.framework in Frameworks */,
				3A108564668C4807BA690EC4 /* AVFoundation.framework in Frameworks */,
				31D2BD8D8F694C419D711BBD /* AddressBook.framework in Frameworks */,
				42E8D37C1FDA48C18416FD24 /* AddressBookUI.framework in Frameworks */,
				C35CC5463EA74D7E9BB79136 /* FirebaseAnalytics.framework in Frameworks */,
				0743F4911B574C5CA6AA0866 /* FirebaseCore.framework in Frameworks */,
				F5ADEFB1E95B409997093805 /* FirebaseInstanceID.framework in Frameworks */,
				BE399D5896E44DB98290C34C /* GoogleInterchangeUtilities.framework in Frameworks */,
				AEB710468BEF41C3807309C2 /* GoogleSymbolUtilities.framework in Frameworks */,
				A814008400024E478584F3BB /* GoogleUtilities.framework in Frameworks */,
				96161420EBCA40719F65B6AC /* FirebaseMessaging.framework in Frameworks */,
				2C5C5C69D8034303A100A0CE /* GoogleIPhoneUtilities.framework in Frameworks */,
				2ECFE44E5535468FA39669FC /* FirebaseCrash.framework in Frameworks */,
				67842E18DF9D4F9484D4E944 /* FirebaseRemoteConfig.framework in Frameworks */,
				E2745D424BC24311A94EAAEC /* GoogleAppUtilities.framework in Frameworks */,
				4172A76BFA60412CA7428CD8 /* GoogleAuthUtilities.framework in Frameworks */,
				85C6B627D16B463EAAF90A67 /* GoogleNetworkingUtilities.framework in Frameworks */,
				6E1465A25F6C46BEBB73D603 /* GoogleSignIn.framework in Frameworks */,
				0B776044F5F04799AC7FD40E /* GoogleSymbolUtilities.framework in Frameworks */,
				982F0CC2EAE34793AD1BB840 /* GoogleUtilities.framework in Frameworks */,
				75FE29BA97694FCB8024EC51 /* CoreText.framework in Frameworks */,
				E140974559894D75A3594660 /* SafariServices.framework in Frameworks */,
				84C010CA602B4AFB82E8635E /* Security.framework in Frameworks */,
				4578D12FABAE4A58838CA140 /* SystemConfiguration.framework in Frameworks */,
				DCEF6F09E329443895FD791A /* libz.tbd in Frameworks */,
				4AC80C99A66D4304BE355602 /* libz.dylib in Frameworks */,
			);
			runOnlyForDeploymentPostprocessing = 0;
		};
/* End PBXFrameworksBuildPhase section */

/* Begin PBXGroup section */
		080E96DDFE201D6D7F000001 /* Classes */ = {
			isa = PBXGroup;
			children = (
				302D95EE14D2391D003F00A1 /* MainViewController.h */,
				302D95EF14D2391D003F00A1 /* MainViewController.m */,
				302D95F014D2391D003F00A1 /* MainViewController.xib */,
				1D3623240D0F684500981E51 /* AppDelegate.h */,
				1D3623250D0F684500981E51 /* AppDelegate.m */,
			);
			name = Classes;
			path = "TOLK/Classes";
			sourceTree = SOURCE_ROOT;
		};
		19C28FACFE9D520D11CA2CBB /* Products */ = {
			isa = PBXGroup;
			children = (
				1D6058910D05DD3D006BFB54 /* TOLK.app */,
			);
			name = Products;
			sourceTree = "<group>";
		};
		29B97314FDCFA39411CA2CEA /* CustomTemplate */ = {
			isa = PBXGroup;
			children = (
				EB87FDF41871DAF40020F90C /* config.xml */,
				EB87FDF31871DA8E0020F90C /* www */,
				EB87FDF11871DA420020F90C /* Staging */,
				301BF52D109A57CC0062928A /* CordovaLib.xcodeproj */,
				080E96DDFE201D6D7F000001 /* Classes */,
				307C750510C5A3420062BCA9 /* Plugins */,
				29B97315FDCFA39411CA2CEA /* Other Sources */,
				29B97317FDCFA39411CA2CEA /* Resources */,
				29B97323FDCFA39411CA2CEA /* Frameworks */,
				19C28FACFE9D520D11CA2CBB /* Products */,
			);
			name = CustomTemplate;
			sourceTree = "<group>";
		};
		29B97315FDCFA39411CA2CEA /* Other Sources */ = {
			isa = PBXGroup;
			children = (
				32CA4F630368D1EE00C91783 /* TOLK-Prefix.pch */,
				29B97316FDCFA39411CA2CEA /* main.m */,
				ED33DF2A687741AEAF9F8254 /* Bridging-Header.h */,
			);
			name = "Other Sources";
			path = "TOLK";
			sourceTree = "<group>";
		};
		29B97317FDCFA39411CA2CEA /* Resources */ = {
			isa = PBXGroup;
			children = (
				0207DA571B56EA530066E2B4 /* Images.xcassets */,
				3047A50E1AB8057F00498E2A /* config */,
				8D1107310486CEB800E47090 /* TOLK-Info.plist */,
				6AFF5BF81D6E424B00AB3073 /* CDVLaunchScreen.storyboard */,
				BCACD8203CD7483485C0C5E3 /* GoogleService-Info.plist */,
				009408697AE14249A2FD2BAE /* CDVCapture.bundle */,
			);
			name = Resources;
			path = "TOLK/Resources";
			sourceTree = "<group>";
		};
		29B97323FDCFA39411CA2CEA /* Frameworks */ = {
			isa = PBXGroup;
			children = (
				46F3DD48B7DD4C49A891BCD5 /* ImageIO.framework */,
				04ACE38E6D6E40E88542418F /* CoreLocation.framework */,
				67EC28AEC7304F639EA41E5E /* AVFoundation.framework */,
				32B9F89011F64950AAEDC039 /* AddressBook.framework */,
				FDB22713C6D345A0929A1AFA /* AddressBookUI.framework */,
				11BFB1467ADA4844A7308EB5 /* FirebaseAnalytics.framework */,
				BEA543C9523C4C8CA916E0FA /* FirebaseCore.framework */,
				4440AD7F69DA47C09C791B80 /* FirebaseInstanceID.framework */,
				A3731D8F038243CC96A83395 /* GoogleInterchangeUtilities.framework */,
				A63014F797C842448BD212B7 /* GoogleSymbolUtilities.framework */,
				1F8A584AB7EB4B1C8CDF60EA /* GoogleUtilities.framework */,
				5FEB873FDA4E44D58F3D653E /* FirebaseMessaging.framework */,
				86CDD918CA7B4664AB8FB668 /* GoogleIPhoneUtilities.framework */,
				88D639FB16114F4795FF67A2 /* FirebaseCrash.framework */,
				FC631897607140F6836ECE3D /* FirebaseRemoteConfig.framework */,
				A77E5360C34149D7A27649E4 /* GoogleAppUtilities.framework */,
				20475E37764D42708BE2F5FB /* GoogleAuthUtilities.framework */,
				701BCFF078F94B8085BB6766 /* GoogleNetworkingUtilities.framework */,
				2CE1BE776A524D759CF45DE1 /* GoogleSignIn.framework */,
				517A4C7E3E1F4A38A024CD1E /* GoogleSymbolUtilities.framework */,
				816520BF82A34C52927A5A27 /* GoogleUtilities.framework */,
				9157E5F94E184B2C986C3B83 /* CoreText.framework */,
				4D422DB6CCBE401092AE3C14 /* SafariServices.framework */,
				462F2408C74A42F285547767 /* Security.framework */,
				5B0A5A30FA0B41A989676B0A /* SystemConfiguration.framework */,
				BE70C10EE11C49E9B46173E3 /* libz.tbd */,
				1FFC3C71764B4F8D9555348A /* libz.dylib */,
			);
			name = Frameworks;
			sourceTree = "<group>";
		};
		301BF52E109A57CC0062928A /* Products */ = {
			isa = PBXGroup;
			children = (
				301BF535109A57CC0062928A /* libCordova.a */,
			);
			name = Products;
			sourceTree = "<group>";
		};
		3047A50E1AB8057F00498E2A /* config */ = {
			isa = PBXGroup;
			children = (
				3047A50F1AB8059700498E2A /* build-debug.xcconfig */,
				3047A5101AB8059700498E2A /* build-release.xcconfig */,
				3047A5111AB8059700498E2A /* build.xcconfig */,
			);
			name = config;
			sourceTree = "<group>";
		};
		307C750510C5A3420062BCA9 /* Plugins */ = {
			isa = PBXGroup;
			children = (
				C6164E8AD4574E77BDDABCAD /* UIImage+CropScaleOrientation.m */,
				8B57AE3369584442B9B123FE /* CDVCamera.m */,
				958CFD5A2DE840B5B58DD0DA /* CDVJpegHeaderWriter.m */,
				232F6D757FA14A3A9F904672 /* UIImage+CropScaleOrientation.h */,
				02F3EE366CFA47D7BCDA9A68 /* CDVCamera.h */,
				E4AF550BBFE04C0D8CBEC1CA /* CDVJpegHeaderWriter.h */,
				11B7DD60C0D94E089DF91F75 /* CDVExif.h */,
				A23C23498B5B4087B9C2F210 /* CDVLogger.m */,
				3CF3BC9571A743E8974DEC1E /* CDVLogger.h */,
				591218924C304E60A95B0CD1 /* CDVContacts.m */,
				090822EDBD384FF6BDA10405 /* CDVContact.m */,
				6951C7F4DE2C4A5CA713977E /* CDVContacts.h */,
				781CC1EEA8E546CFA7678E10 /* CDVContact.h */,
				890A83B6D1994284BBBE86DA /* CDVDevice.m */,
				081D7BB2EE8B48088A587446 /* CDVDevice.h */,
				F401610369B2466992C9369F /* CDVFile.m */,
				8896CAA6EC47485FB38C98A8 /* CDVLocalFilesystem.m */,
				94876E5E5BE1466EBBFA1712 /* CDVAssetLibraryFilesystem.m */,
				6FA9F782E7E14C7AAADB7496 /* CDVFile.h */,
				413C96EE90AF4845BE885989 /* CDVLocalFilesystem.h */,
				BEC6EA48CD604D5092722B0E /* CDVAssetLibraryFilesystem.h */,
				286D74C1E57E4934AE6D7F9B /* AppDelegate+FirebasePlugin.m */,
				1A617430D2ED4470B1456C39 /* FirebasePlugin.m */,
				E27589BD2C1C465993592516 /* AppDelegate+FirebasePlugin.h */,
				AB5F27C66BA544C8AFAF4223 /* FirebasePlugin.h */,
				F0283ACFDEED46D29606AA2E /* Firebase.h */,
				170C7C857EA14C19803F4D03 /* CDVLocation.m */,
				D818B76B1E43478893F8317C /* CDVLocation.h */,
				3180CD0AAC4F451B8D34C4AD /* GooglePlus.m */,
				42A1EEBC571D42C093049ED7 /* GooglePlus.h */,
				75D629DBC69141679810CB79 /* CDVCapture.m */,
				2DBCB638C4694B689B1F7983 /* CDVCapture.h */,
				7BE362F82BE243638D1B6C25 /* CDVSplashScreen.m */,
				7E79FBBC07E7427C9FE061D3 /* CDVViewController+SplashScreen.m */,
				928B846E865E4C65BE0CBDAE /* CDVSplashScreen.h */,
				EB0FD0E401334EE3806165C8 /* CDVViewController+SplashScreen.h */,
				148A9AEA1BE241F9ABE93C16 /* CDVStatusBar.m */,
				8BB6BB72D873460480914787 /* CDVStatusBar.h */,
				E1B0427A6E35428280209DEC /* IonicKeyboard.m */,
				6433765C27F04FD6A91C17DA /* IonicKeyboard.h */,
			);
			name = Plugins;
			path = "TOLK/Plugins";
			sourceTree = SOURCE_ROOT;
		};
		EB87FDF11871DA420020F90C /* Staging */ = {
			isa = PBXGroup;
			children = (
				F840E1F0165FE0F500CFE078 /* config.xml */,
				301BF56E109A69640062928A /* www */,
			);
			name = Staging;
			sourceTree = "<group>";
		};
/* End PBXGroup section */

/* Begin PBXNativeTarget section */
		1D6058900D05DD3D006BFB54 /* TOLK */ = {
			isa = PBXNativeTarget;
			buildConfigurationList = 1D6058960D05DD3E006BFB54 /* Build configuration list for PBXNativeTarget "TOLK" */;
			buildPhases = (
				304B58A110DAC018002A0835 /* Copy www directory */,
				1D60588D0D05DD3D006BFB54 /* Resources */,
				1D60588E0D05DD3D006BFB54 /* Sources */,
				1D60588F0D05DD3D006BFB54 /* Frameworks */,
			);
			buildRules = (
			);
			dependencies = (
				301BF551109A68C00062928A /* PBXTargetDependency */,
			);
			name = "TOLK";
			productName = "TOLK";
			productReference = 1D6058910D05DD3D006BFB54 /* TOLK.app */;
			productType = "com.apple.product-type.application";
		};
/* End PBXNativeTarget section */

/* Begin PBXProject section */
		29B97313FDCFA39411CA2CEA /* Project object */ = {
			isa = PBXProject;
			attributes = {
				LastUpgradeCheck = 510;
			};
			buildConfigurationList = C01FCF4E08A954540054247B /* Build configuration list for PBXProject "__NON-CLI__" */;
			compatibilityVersion = "Xcode 3.2";
			developmentRegion = English;
			hasScannedForEncodings = 1;
			mainGroup = 29B97314FDCFA39411CA2CEA /* CustomTemplate */;
			projectDirPath = "";
			projectReferences = (
				{
					ProductGroup = 301BF52E109A57CC0062928A /* Products */;
					ProjectRef = 301BF52D109A57CC0062928A /* CordovaLib.xcodeproj */;
				},
			);
			projectRoot = "";
			targets = (
				1D6058900D05DD3D006BFB54 /* TOLK */,
			);
		};
/* End PBXProject section */

/* Begin PBXReferenceProxy section */
		301BF535109A57CC0062928A /* libCordova.a */ = {
			isa = PBXReferenceProxy;
			fileType = archive.ar;
			path = libCordova.a;
			remoteRef = 301BF534109A57CC0062928A /* PBXContainerItemProxy */;
			sourceTree = BUILT_PRODUCTS_DIR;
		};
/* End PBXReferenceProxy section */

/* Begin PBXResourcesBuildPhase section */
		1D60588D0D05DD3D006BFB54 /* Resources */ = {
			isa = PBXResourcesBuildPhase;
			buildActionMask = 2147483647;
			files = (
				302D95F214D2391D003F00A1 /* MainViewController.xib in Resources */,
				0207DA581B56EA530066E2B4 /* Images.xcassets in Resources */,
				6AFF5BF91D6E424B00AB3073 /* CDVLaunchScreen.storyboard in Resources */,
				9F7C71436FE148859E881A01 /* GoogleService-Info.plist in Resources */,
				EE995D04CE7E478591BE15E4 /* CDVCapture.bundle in Resources */,
			);
			runOnlyForDeploymentPostprocessing = 0;
		};
/* End PBXResourcesBuildPhase section */

/* Begin PBXShellScriptBuildPhase section */
		304B58A110DAC018002A0835 /* Copy www directory */ = {
			isa = PBXShellScriptBuildPhase;
			buildActionMask = 2147483647;
			files = (
			);
			inputPaths = (
			);
			name = "Copy www directory";
			outputPaths = (
			);
			runOnlyForDeploymentPostprocessing = 0;
			shellPath = /bin/sh;
			shellScript = "NODEJS_PATH=/usr/local/bin; NVM_NODE_PATH=~/.nvm/versions/node/`nvm version 2>/dev/null`/bin; N_NODE_PATH=`find /usr/local/n/versions/node/* -maxdepth 0 -type d 2>/dev/null | tail -1`/bin; XCODE_NODE_PATH=`xcode-select --print-path`/usr/share/xcs/Node/bin; PATH=$NODEJS_PATH:$NVM_NODE_PATH:$N_NODE_PATH:$XCODE_NODE_PATH:$PATH && node cordova/lib/copy-www-build-step.js";
			showEnvVarsInLog = 0;
		};
/* End PBXShellScriptBuildPhase section */

/* Begin PBXSourcesBuildPhase section */
		1D60588E0D05DD3D006BFB54 /* Sources */ = {
			isa = PBXSourcesBuildPhase;
			buildActionMask = 2147483647;
			files = (
				1D60589B0D05DD56006BFB54 /* main.m in Sources */,
				1D3623260D0F684500981E51 /* AppDelegate.m in Sources */,
				302D95F114D2391D003F00A1 /* MainViewController.m in Sources */,
				9CD41A36D7684D7FBDF78FF2 /* UIImage+CropScaleOrientation.m in Sources */,
				D2CF8374A7D144B8BF552C82 /* CDVCamera.m in Sources */,
				D4E9B166313547F1B9F7ECFF /* CDVJpegHeaderWriter.m in Sources */,
				8D93DA14024B473FB14D62E2 /* CDVLogger.m in Sources */,
				A2C99AC6AC5B42D5A026F047 /* CDVContacts.m in Sources */,
				77772839CAB1483680FEC00C /* CDVContact.m in Sources */,
				B106E16C0D80493597E17A64 /* CDVDevice.m in Sources */,
				00B81E43E31D4677B29781C5 /* CDVFile.m in Sources */,
				63F47D3704EB4C0B996C2165 /* CDVLocalFilesystem.m in Sources */,
				5706DA1D60234E6297D1EF39 /* CDVAssetLibraryFilesystem.m in Sources */,
				86F90CEFD3454034A041170F /* AppDelegate+FirebasePlugin.m in Sources */,
				EDAA15EE0DCD4FA2AEA13531 /* FirebasePlugin.m in Sources */,
				7C5FF4F636074449816D4ED5 /* CDVLocation.m in Sources */,
				ECC8ABF7334D400091A2DF4A /* GooglePlus.m in Sources */,
				29D6E78AED4E441381963F91 /* CDVCapture.m in Sources */,
				8362FC20BFA44D62B5989105 /* CDVSplashScreen.m in Sources */,
				2E3DE84F881D46D3B429BEB4 /* CDVViewController+SplashScreen.m in Sources */,
				1966E1B51DF84193A8571020 /* CDVStatusBar.m in Sources */,
				60349EEFA0EE4E43B3783ED0 /* IonicKeyboard.m in Sources */,
			);
			runOnlyForDeploymentPostprocessing = 0;
		};
/* End PBXSourcesBuildPhase section */

/* Begin PBXTargetDependency section */
		301BF551109A68C00062928A /* PBXTargetDependency */ = {
			isa = PBXTargetDependency;
			name = CordovaLib;
			targetProxy = 301BF550109A68C00062928A /* PBXContainerItemProxy */;
		};
/* End PBXTargetDependency section */

/* Begin XCBuildConfiguration section */
		1D6058940D05DD3E006BFB54 /* Debug */ = {
			isa = XCBuildConfiguration;
			baseConfigurationReference = 3047A50F1AB8059700498E2A /* build-debug.xcconfig */;
			buildSettings = {
				ALWAYS_SEARCH_USER_PATHS = NO;
				ASSETCATALOG_COMPILER_APPICON_NAME = AppIcon;
				ASSETCATALOG_COMPILER_LAUNCHIMAGE_NAME = LaunchImage;
				CLANG_ENABLE_MODULES = YES;
				CLANG_ENABLE_OBJC_ARC = YES;
				COPY_PHASE_STRIP = NO;
				GCC_DYNAMIC_NO_PIC = NO;
				GCC_OPTIMIZATION_LEVEL = 0;
				GCC_PRECOMPILE_PREFIX_HEADER = YES;
				GCC_PREFIX_HEADER = "TOLK/TOLK-Prefix.pch";
				GCC_THUMB_SUPPORT = NO;
				GCC_VERSION = "";
				INFOPLIST_FILE = "TOLK/TOLK-Info.plist";
				IPHONEOS_DEPLOYMENT_TARGET = 9.0;
				LD_RUNPATH_SEARCH_PATHS = "@executable_path/Frameworks";
				TARGETED_DEVICE_FAMILY = "1,2";
				PRODUCT_NAME = "TOLK";
				FRAMEWORK_SEARCH_PATHS = (
					"$(inherited)",
					"\"TOLK/Plugins/cordova-plugin-firebase\"",
					"\"TOLK/Plugins/cordova-plugin-firebase\"",
					"\"TOLK/Plugins/cordova-plugin-firebase\"",
					"\"TOLK/Plugins/cordova-plugin-firebase\"",
					"\"TOLK/Plugins/cordova-plugin-firebase\"",
					"\"TOLK/Plugins/cordova-plugin-firebase\"",
					"\"TOLK/Plugins/cordova-plugin-firebase\"",
					"\"TOLK/Plugins/cordova-plugin-firebase\"",
					"\"TOLK/Plugins/cordova-plugin-firebase\"",
					"\"TOLK/Plugins/cordova-plugin-firebase\"",
					"\"TOLK/Plugins/cordova-plugin-googleplus\"",
					"\"TOLK/Plugins/cordova-plugin-googleplus\"",
					"\"TOLK/Plugins/cordova-plugin-googleplus\"",
					"\"TOLK/Plugins/cordova-plugin-googleplus\"",
					"\"TOLK/Plugins/cordova-plugin-googleplus\"",
					"\"TOLK/Plugins/cordova-plugin-googleplus\"",
				);
			};
			name = Debug;
		};
		1D6058950D05DD3E006BFB54 /* Release */ = {
			isa = XCBuildConfiguration;
			baseConfigurationReference = 3047A5101AB8059700498E2A /* build-release.xcconfig */;
			buildSettings = {
				ALWAYS_SEARCH_USER_PATHS = NO;
				ASSETCATALOG_COMPILER_APPICON_NAME = AppIcon;
				ASSETCATALOG_COMPILER_LAUNCHIMAGE_NAME = LaunchImage;
				CLANG_ENABLE_MODULES = YES;
				CLANG_ENABLE_OBJC_ARC = YES;
				COPY_PHASE_STRIP = YES;
				GCC_PRECOMPILE_PREFIX_HEADER = YES;
				GCC_PREFIX_HEADER = "TOLK/TOLK-Prefix.pch";
				GCC_THUMB_SUPPORT = NO;
				GCC_VERSION = "";
				INFOPLIST_FILE = "TOLK/TOLK-Info.plist";
				IPHONEOS_DEPLOYMENT_TARGET = 9.0;
				LD_RUNPATH_SEARCH_PATHS = "@executable_path/Frameworks";
				TARGETED_DEVICE_FAMILY = "1,2";
				PRODUCT_NAME = "TOLK";
				FRAMEWORK_SEARCH_PATHS = (
					"$(inherited)",
					"\"TOLK/Plugins/cordova-plugin-firebase\"",
					"\"TOLK/Plugins/cordova-plugin-firebase\"",
					"\"TOLK/Plugins/cordova-plugin-firebase\"",
					"\"TOLK/Plugins/cordova-plugin-firebase\"",
					"\"TOLK/Plugins/cordova-plugin-firebase\"",
					"\"TOLK/Plugins/cordova-plugin-firebase\"",
					"\"TOLK/Plugins/cordova-plugin-firebase\"",
					"\"TOLK/Plugins/cordova-plugin-firebase\"",
					"\"TOLK/Plugins/cordova-plugin-firebase\"",
					"\"TOLK/Plugins/cordova-plugin-firebase\"",
					"\"TOLK/Plugins/cordova-plugin-googleplus\"",
					"\"TOLK/Plugins/cordova-plugin-googleplus\"",
					"\"TOLK/Plugins/cordova-plugin-googleplus\"",
					"\"TOLK/Plugins/cordova-plugin-googleplus\"",
					"\"TOLK/Plugins/cordova-plugin-googleplus\"",
					"\"TOLK/Plugins/cordova-plugin-googleplus\"",
				);
			};
			name = Release;
		};
		C01FCF4F08A954540054247B /* Debug */ = {
			isa = XCBuildConfiguration;
			baseConfigurationReference = 3047A5111AB8059700498E2A /* build.xcconfig */;
			buildSettings = {
				CLANG_ENABLE_MODULES = YES;
				CLANG_ENABLE_OBJC_ARC = YES;
				CLANG_WARN_BOOL_CONVERSION = YES;
				CLANG_WARN_CONSTANT_CONVERSION = YES;
				CLANG_WARN_EMPTY_BODY = YES;
				CLANG_WARN_ENUM_CONVERSION = YES;
				CLANG_WARN_INT_CONVERSION = YES;
				CLANG_WARN__DUPLICATE_METHOD_MATCH = YES;
				GCC_C_LANGUAGE_STANDARD = c99;
				GCC_THUMB_SUPPORT = NO;
				GCC_VERSION = "";
				GCC_WARN_ABOUT_RETURN_TYPE = YES;
				GCC_WARN_UNDECLARED_SELECTOR = YES;
				GCC_WARN_UNINITIALIZED_AUTOS = YES;
				GCC_WARN_UNUSED_FUNCTION = YES;
				GCC_WARN_UNUSED_VARIABLE = YES;
				ONLY_ACTIVE_ARCH = YES;
				SDKROOT = iphoneos;
				SKIP_INSTALL = NO;
				ASSETCATALOG_COMPILER_LAUNCHIMAGE_NAME = LaunchImage;
			};
			name = Debug;
		};
		C01FCF5008A954540054247B /* Release */ = {
			isa = XCBuildConfiguration;
			baseConfigurationReference = 3047A5111AB8059700498E2A /* build.xcconfig */;
			buildSettings = {
				CLANG_ENABLE_MODULES = YES;
				CLANG_ENABLE_OBJC_ARC = YES;
				CLANG_WARN_BOOL_CONVERSION = YES;
				CLANG_WARN_CONSTANT_CONVERSION = YES;
				CLANG_WARN_EMPTY_BODY = YES;
				CLANG_WARN_ENUM_CONVERSION = YES;
				CLANG_WARN_INT_CONVERSION = YES;
				CLANG_WARN__DUPLICATE_METHOD_MATCH = YES;
				GCC_C_LANGUAGE_STANDARD = c99;
				GCC_THUMB_SUPPORT = NO;
				GCC_VERSION = "";
				GCC_WARN_ABOUT_RETURN_TYPE = YES;
				GCC_WARN_UNDECLARED_SELECTOR = YES;
				GCC_WARN_UNINITIALIZED_AUTOS = YES;
				GCC_WARN_UNUSED_FUNCTION = YES;
				GCC_WARN_UNUSED_VARIABLE = YES;
				SDKROOT = iphoneos;
				SKIP_INSTALL = NO;
				ASSETCATALOG_COMPILER_LAUNCHIMAGE_NAME = LaunchImage;
			};
			name = Release;
		};
/* End XCBuildConfiguration section */

/* Begin XCConfigurationList section */
		1D6058960D05DD3E006BFB54 /* Build configuration list for PBXNativeTarget "TOLK" */ = {
			isa = XCConfigurationList;
			buildConfigurations = (
				1D6058940D05DD3E006BFB54 /* Debug */,
				1D6058950D05DD3E006BFB54 /* Release */,
			);
			defaultConfigurationIsVisible = 0;
			defaultConfigurationName = Release;
		};
		C01FCF4E08A954540054247B /* Build configuration list for PBXProject "__NON-CLI__" */ = {
			isa = XCConfigurationList;
			buildConfigurations = (
				C01FCF4F08A954540054247B /* Debug */,
				C01FCF5008A954540054247B /* Release */,
			);
			defaultConfigurationIsVisible = 0;
			defaultConfigurationName = Release;
		};
/* End XCConfigurationList section */
	};
	rootObject = 29B97313FDCFA39411CA2CEA /* Project object */;
}
